
Microsoft Visual Studio Solution File, Format Version 12.00
# Visual Studio 15
VisualStudioVersion = 15.0.28307.168
MinimumVisualStudioVersion = 10.0.40219.1
Project("{2150E333-8FDC-42A3-9474-1A3956D46DE8}") = "0 - Domain", "0 - Domain", "{C1E0662E-626B-43CD-AB98-5A105192214D}"
EndProject
Project("{2150E333-8FDC-42A3-9474-1A3956D46DE8}") = "1 - Tests", "1 - Tests", "{CF0B7517-0CF1-4621-BD1E-CB0E04365868}"
EndProject
Project("{2150E333-8FDC-42A3-9474-1A3956D46DE8}") = "2 - Infra", "2 - Infra", "{45AED53A-6581-4939-8892-549007848388}"
EndProject
Project("{2150E333-8FDC-42A3-9474-1A3956D46DE8}") = "3 - Application", "3 - Application", "{FFAA137C-A0EF-4208-9EF1-B63378B5E2CC}"
EndProject
Project("{2150E333-8FDC-42A3-9474-1A3956D46DE8}") = "4 - API", "4 - API", "{810030FB-4D8A-4D64-8CB0-20388F83B8D9}"
EndProject
Project("{2150E333-8FDC-42A3-9474-1A3956D46DE8}") = "5 - Presentation", "5 - Presentation", "{31521CE0-6755-46D9-85AF-86F5041490AB}"
EndProject
Project("{9A19103F-16F7-4668-BE54-9A1E7A4F7556}") = "SwitchEF.Domain", "SwitchEF.Domain\SwitchEF.Domain.csproj", "{72690BCF-07F4-42A1-83FE-BF3689F0D286}"
EndProject
Project("{9A19103F-16F7-4668-BE54-9A1E7A4F7556}") = "SwitchEF.Domain.Tests", "SwitchEF.Domain.Tests\SwitchEF.Domain.Tests.csproj", "{95F1605C-5C71-47F7-B350-0DD2BC84A527}"
EndProject
Project("{2150E333-8FDC-42A3-9474-1A3956D46DE8}") = "2.1 CrossCutting", "2.1 CrossCutting", "{DDED0815-2295-4DD8-9B27-258A71AF5BC8}"
EndProject
Project("{2150E333-8FDC-42A3-9474-1A3956D46DE8}") = "2.2 Data", "2.2 Data", "{916F2BD7-4553-4194-AF59-B5670B357649}"
EndProject
Project("{9A19103F-16F7-4668-BE54-9A1E7A4F7556}") = "SwitchEF.Infra.Data", "SwitchEF.Infra.Data\SwitchEF.Infra.Data.csproj", "{39AF775A-D251-4183-A8A9-8CE625AD80A1}"
EndProject
Project("{9A19103F-16F7-4668-BE54-9A1E7A4F7556}") = "SwitchEF.Application", "SwitchEF.Application\SwitchEF.Application.csproj", "{29EE0C0F-C3F7-4F4C-9580-131D3D731599}"
EndProject
Project("{9A19103F-16F7-4668-BE54-9A1E7A4F7556}") = "SwitchEF.API", "SwitchEF.API\SwitchEF.API.csproj", "{5F6772E3-AA84-4C21-AA54-A70165071E24}"
EndProject
Project("{9A19103F-16F7-4668-BE54-9A1E7A4F7556}") = "SwitchEFAPP", "SwitchEFAPP\SwitchEFAPP.csproj", "{97BF2611-01DD-418D-91A5-BB562AC0A1BB}"
EndProject
Project("{FAE04EC0-301F-11D3-BF4B-00C04F79EFBC}") = "SwitchEF.Infra.CrossCutting.Logging", "SwitchEF.Infra.CrossCutting.Logging\SwitchEF.Infra.CrossCutting.Logging.csproj", "{1059F215-12E8-4B85-9B0A-D6A24F576C90}"
EndProject
Global
	GlobalSection(SolutionConfigurationPlatforms) = preSolution
		Debug|Any CPU = Debug|Any CPU
		Release|Any CPU = Release|Any CPU
	EndGlobalSection
	GlobalSection(ProjectConfigurationPlatforms) = postSolution
		{72690BCF-07F4-42A1-83FE-BF3689F0D286}.Debug|Any CPU.ActiveCfg = Debug|Any CPU
		{72690BCF-07F4-42A1-83FE-BF3689F0D286}.Debug|Any CPU.Build.0 = Debug|Any CPU
		{72690BCF-07F4-42A1-83FE-BF3689F0D286}.Release|Any CPU.ActiveCfg = Release|Any CPU
		{72690BCF-07F4-42A1-83FE-BF3689F0D286}.Release|Any CPU.Build.0 = Release|Any CPU
		{95F1605C-5C71-47F7-B350-0DD2BC84A527}.Debug|Any CPU.ActiveCfg = Debug|Any CPU
		{95F1605C-5C71-47F7-B350-0DD2BC84A527}.Debug|Any CPU.Build.0 = Debug|Any CPU
		{95F1605C-5C71-47F7-B350-0DD2BC84A527}.Release|Any CPU.ActiveCfg = Release|Any CPU
		{95F1605C-5C71-47F7-B350-0DD2BC84A527}.Release|Any CPU.Build.0 = Release|Any CPU
		{39AF775A-D251-4183-A8A9-8CE625AD80A1}.Debug|Any CPU.ActiveCfg = Debug|Any CPU
		{39AF775A-D251-4183-A8A9-8CE625AD80A1}.Debug|Any CPU.Build.0 = Debug|Any CPU
		{39AF775A-D251-4183-A8A9-8CE625AD80A1}.Release|Any CPU.ActiveCfg = Release|Any CPU
		{39AF775A-D251-4183-A8A9-8CE625AD80A1}.Release|Any CPU.Build.0 = Release|Any CPU
		{29EE0C0F-C3F7-4F4C-9580-131D3D731599}.Debug|Any CPU.ActiveCfg = Debug|Any CPU
		{29EE0C0F-C3F7-4F4C-9580-131D3D731599}.Debug|Any CPU.Build.0 = Debug|Any CPU
		{29EE0C0F-C3F7-4F4C-9580-131D3D731599}.Release|Any CPU.ActiveCfg = Release|Any CPU
		{29EE0C0F-C3F7-4F4C-9580-131D3D731599}.Release|Any CPU.Build.0 = Release|Any CPU
		{5F6772E3-AA84-4C21-AA54-A70165071E24}.Debug|Any CPU.ActiveCfg = Debug|Any CPU
		{5F6772E3-AA84-4C21-AA54-A70165071E24}.Debug|Any CPU.Build.0 = Debug|Any CPU
		{5F6772E3-AA84-4C21-AA54-A70165071E24}.Release|Any CPU.ActiveCfg = Release|Any CPU
		{5F6772E3-AA84-4C21-AA54-A70165071E24}.Release|Any CPU.Build.0 = Release|Any CPU
		{97BF2611-01DD-418D-91A5-BB562AC0A1BB}.Debug|Any CPU.ActiveCfg = Debug|Any CPU
		{97BF2611-01DD-418D-91A5-BB562AC0A1BB}.Debug|Any CPU.Build.0 = Debug|Any CPU
		{97BF2611-01DD-418D-91A5-BB562AC0A1BB}.Release|Any CPU.ActiveCfg = Release|Any CPU
		{97BF2611-01DD-418D-91A5-BB562AC0A1BB}.Release|Any CPU.Build.0 = Release|Any CPU
		{1059F215-12E8-4B85-9B0A-D6A24F576C90}.Debug|Any CPU.ActiveCfg = Debug|Any CPU
		{1059F215-12E8-4B85-9B0A-D6A24F576C90}.Debug|Any CPU.Build.0 = Debug|Any CPU
		{1059F215-12E8-4B85-9B0A-D6A24F576C90}.Release|Any CPU.ActiveCfg = Release|Any CPU
		{1059F215-12E8-4B85-9B0A-D6A24F576C90}.Release|Any CPU.Build.0 = Release|Any CPU
	EndGlobalSection
	GlobalSection(SolutionProperties) = preSolution
		HideSolutionNode = FALSE
	EndGlobalSection
	GlobalSection(NestedProjects) = preSolution
		{72690BCF-07F4-42A1-83FE-BF3689F0D286} = {C1E0662E-626B-43CD-AB98-5A105192214D}
		{95F1605C-5C71-47F7-B350-0DD2BC84A527} = {CF0B7517-0CF1-4621-BD1E-CB0E04365868}
		{DDED0815-2295-4DD8-9B27-258A71AF5BC8} = {45AED53A-6581-4939-8892-549007848388}
		{916F2BD7-4553-4194-AF59-B5670B357649} = {45AED53A-6581-4939-8892-549007848388}
		{39AF775A-D251-4183-A8A9-8CE625AD80A1} = {916F2BD7-4553-4194-AF59-B5670B357649}
		{29EE0C0F-C3F7-4F4C-9580-131D3D731599} = {FFAA137C-A0EF-4208-9EF1-B63378B5E2CC}
		{5F6772E3-AA84-4C21-AA54-A70165071E24} = {810030FB-4D8A-4D64-8CB0-20388F83B8D9}
		{97BF2611-01DD-418D-91A5-BB562AC0A1BB} = {31521CE0-6755-46D9-85AF-86F5041490AB}
		{1059F215-12E8-4B85-9B0A-D6A24F576C90} = {DDED0815-2295-4DD8-9B27-258A71AF5BC8}
	EndGlobalSection
	GlobalSection(ExtensibilityGlobals) = postSolution
		SolutionGuid = {DE54569C-6217-4C81-900D-13BFBB1B4734}
	EndGlobalSection
EndGlobal
